
Microsoft Visual Studio Solution File, Format Version 12.00
# Visual Studio Version 17
VisualStudioVersion = 17.0.32112.339
MinimumVisualStudioVersion = 10.0.40219.1
Project("{9A19103F-16F7-4668-BE54-9A1E7A4F7556}") = "Fibula.Tools.Mon2Json.Standalone", "Fibula.Tools.Mon2Json.Standalone\Fibula.Tools.Mon2Json.Standalone.csproj", "{BC6275F5-5726-41EC-8BAD-2168B79F0FCE}"
EndProject
Project("{FAE04EC0-301F-11D3-BF4B-00C04F79EFBC}") = "Fibula.Tools.Mon2Json", "Fibula.Tools.Mon2Json\Fibula.Tools.Mon2Json.csproj", "{AF4917CC-E72A-4530-AD26-DAB970C7532F}"
EndProject
Global
	GlobalSection(SolutionConfigurationPlatforms) = preSolution
		Debug|Any CPU = Debug|Any CPU
		Release|Any CPU = Release|Any CPU
	EndGlobalSection
	GlobalSection(ProjectConfigurationPlatforms) = postSolution
		{BC6275F5-5726-41EC-8BAD-2168B79F0FCE}.Debug|Any CPU.ActiveCfg = Debug|Any CPU
		{BC6275F5-5726-41EC-8BAD-2168B79F0FCE}.Debug|Any CPU.Build.0 = Debug|Any CPU
		{BC6275F5-5726-41EC-8BAD-2168B79F0FCE}.Release|Any CPU.ActiveCfg = Release|Any CPU
		{BC6275F5-5726-41EC-8BAD-2168B79F0FCE}.Release|Any CPU.Build.0 = Release|Any CPU
		{AF4917CC-E72A-4530-AD26-DAB970C7532F}.Debug|Any CPU.ActiveCfg = Debug|Any CPU
		{AF4917CC-E72A-4530-AD26-DAB970C7532F}.Debug|Any CPU.Build.0 = Debug|Any CPU
		{AF4917CC-E72A-4530-AD26-DAB970C7532F}.Release|Any CPU.ActiveCfg = Release|Any CPU
		{AF4917CC-E72A-4530-AD26-DAB970C7532F}.Release|Any CPU.Build.0 = Release|Any CPU
	EndGlobalSection
	GlobalSection(SolutionProperties) = preSolution
		HideSolutionNode = FALSE
	EndGlobalSection
	GlobalSection(ExtensibilityGlobals) = postSolution
		SolutionGuid = {594F552E-DA22-47A3-B200-2E52C34D4231}
	EndGlobalSection
EndGlobal
